
Microsoft Visual Studio Solution File, Format Version 12.00
# Visual Studio Version 16
VisualStudioVersion = 16.0.29102.190
MinimumVisualStudioVersion = 10.0.40219.1
Project("{FAE04EC0-301F-11D3-BF4B-00C04F79EFBC}") = "main", "main.csproj", "{79D58C2A-9995-46D4-8921-EA570591E2AB}"
EndProject
Global
	GlobalSection(SolutionConfigurationPlatforms) = preSolution
		Debug|Any CPU = Debug|Any CPU
		Release|Any CPU = Release|Any CPU
	EndGlobalSection
	GlobalSection(ProjectConfigurationPlatforms) = postSolution
		{79D58C2A-9995-46D4-8921-EA570591E2AB}.Debug|Any CPU.ActiveCfg = Debug|Any CPU
		{79D58C2A-9995-46D4-8921-EA570591E2AB}.Debug|Any CPU.Build.0 = Debug|Any CPU
		{79D58C2A-9995-46D4-8921-EA570591E2AB}.Release|Any CPU.ActiveCfg = Release|Any CPU
		{79D58C2A-9995-46D4-8921-EA570591E2AB}.Release|Any CPU.Build.0 = Release|Any CPU
	EndGlobalSection
	GlobalSection(SolutionProperties) = preSolution
		HideSolutionNode = FALSE
	EndGlobalSection
	GlobalSection(ExtensibilityGlobals) = postSolution
		SolutionGuid = {020E760E-5FE0-49B6-8195-4BFD8BC030DE}
	EndGlobalSection
EndGlobal
